
Microsoft Visual Studio Solution File, Format Version 12.00
# Visual Studio Version 17
VisualStudioVersion = 17.0.31903.59
MinimumVisualStudioVersion = 10.0.40219.1
Project("{2150E333-8FDC-42A3-9474-1A3956D46DE8}") = "src", "src", "{827E0CD3-B72D-47B6-A68D-7590B98EB39B}"
EndProject
Project("{FAE04EC0-301F-11D3-BF4B-00C04F79EFBC}") = "SmartGate.Domain", "src\SmartGate.Domain\SmartGate.Domain.csproj", "{AF880B29-F2E4-41DE-87A2-3FF3DEAEB8EE}"
EndProject
Project("{FAE04EC0-301F-11D3-BF4B-00C04F79EFBC}") = "SmartGate.Application", "src\SmartGate.Application\SmartGate.Application.csproj", "{B2876FC9-7509-45F3-8270-B0AEB779CDB0}"
EndProject
Project("{FAE04EC0-301F-11D3-BF4B-00C04F79EFBC}") = "SmartGate.Infrastructure", "src\SmartGate.Infrastructure\SmartGate.Infrastructure.csproj", "{0FE77EB1-C7B4-495F-A9D5-B8E4B0EA5237}"
EndProject
Project("{FAE04EC0-301F-11D3-BF4B-00C04F79EFBC}") = "SmartGate.Api", "src\SmartGate.Api\SmartGate.Api.csproj", "{FBB91030-DB06-4F8F-8C4C-7DD4E91DB601}"
EndProject
Project("{FAE04EC0-301F-11D3-BF4B-00C04F79EFBC}") = "SmartGate.Domain.Tests", "tests\SmartGate.Domain.Tests\SmartGate.Domain.Tests.csproj", "{4142FADF-15D5-4B18-A95F-4E21C2E17EB8}"
EndProject
Project("{FAE04EC0-301F-11D3-BF4B-00C04F79EFBC}") = "SmartGate.Application.Tests", "tests\SmartGate.Application.Tests\SmartGate.Application.Tests.csproj", "{0A6FCF61-2782-446D-B41E-669613FBD926}"
EndProject
Project("{FAE04EC0-301F-11D3-BF4B-00C04F79EFBC}") = "SmartGate.Api.Tests", "tests\SmartGate.Api.Tests\SmartGate.Api.Tests.csproj", "{414C0C76-4FAE-4F55-9E55-C7F47CB7D1BC}"
EndProject
Global
	GlobalSection(SolutionConfigurationPlatforms) = preSolution
		Debug|Any CPU = Debug|Any CPU
		Debug|x64 = Debug|x64
		Debug|x86 = Debug|x86
		Release|Any CPU = Release|Any CPU
		Release|x64 = Release|x64
		Release|x86 = Release|x86
	EndGlobalSection
	GlobalSection(ProjectConfigurationPlatforms) = postSolution
		{AF880B29-F2E4-41DE-87A2-3FF3DEAEB8EE}.Debug|Any CPU.ActiveCfg = Debug|Any CPU
		{AF880B29-F2E4-41DE-87A2-3FF3DEAEB8EE}.Debug|Any CPU.Build.0 = Debug|Any CPU
		{AF880B29-F2E4-41DE-87A2-3FF3DEAEB8EE}.Debug|x64.ActiveCfg = Debug|Any CPU
		{AF880B29-F2E4-41DE-87A2-3FF3DEAEB8EE}.Debug|x64.Build.0 = Debug|Any CPU
		{AF880B29-F2E4-41DE-87A2-3FF3DEAEB8EE}.Debug|x86.ActiveCfg = Debug|Any CPU
		{AF880B29-F2E4-41DE-87A2-3FF3DEAEB8EE}.Debug|x86.Build.0 = Debug|Any CPU
		{AF880B29-F2E4-41DE-87A2-3FF3DEAEB8EE}.Release|Any CPU.ActiveCfg = Release|Any CPU
		{AF880B29-F2E4-41DE-87A2-3FF3DEAEB8EE}.Release|Any CPU.Build.0 = Release|Any CPU
		{AF880B29-F2E4-41DE-87A2-3FF3DEAEB8EE}.Release|x64.ActiveCfg = Release|Any CPU
		{AF880B29-F2E4-41DE-87A2-3FF3DEAEB8EE}.Release|x64.Build.0 = Release|Any CPU
		{AF880B29-F2E4-41DE-87A2-3FF3DEAEB8EE}.Release|x86.ActiveCfg = Release|Any CPU
		{AF880B29-F2E4-41DE-87A2-3FF3DEAEB8EE}.Release|x86.Build.0 = Release|Any CPU
		{B2876FC9-7509-45F3-8270-B0AEB779CDB0}.Debug|Any CPU.ActiveCfg = Debug|Any CPU
		{B2876FC9-7509-45F3-8270-B0AEB779CDB0}.Debug|Any CPU.Build.0 = Debug|Any CPU
		{B2876FC9-7509-45F3-8270-B0AEB779CDB0}.Debug|x64.ActiveCfg = Debug|Any CPU
		{B2876FC9-7509-45F3-8270-B0AEB779CDB0}.Debug|x64.Build.0 = Debug|Any CPU
		{B2876FC9-7509-45F3-8270-B0AEB779CDB0}.Debug|x86.ActiveCfg = Debug|Any CPU
		{B2876FC9-7509-45F3-8270-B0AEB779CDB0}.Debug|x86.Build.0 = Debug|Any CPU
		{B2876FC9-7509-45F3-8270-B0AEB779CDB0}.Release|Any CPU.ActiveCfg = Release|Any CPU
		{B2876FC9-7509-45F3-8270-B0AEB779CDB0}.Release|Any CPU.Build.0 = Release|Any CPU
		{B2876FC9-7509-45F3-8270-B0AEB779CDB0}.Release|x64.ActiveCfg = Release|Any CPU
		{B2876FC9-7509-45F3-8270-B0AEB779CDB0}.Release|x64.Build.0 = Release|Any CPU
		{B2876FC9-7509-45F3-8270-B0AEB779CDB0}.Release|x86.ActiveCfg = Release|Any CPU
		{B2876FC9-7509-45F3-8270-B0AEB779CDB0}.Release|x86.Build.0 = Release|Any CPU
		{0FE77EB1-C7B4-495F-A9D5-B8E4B0EA5237}.Debug|Any CPU.ActiveCfg = Debug|Any CPU
		{0FE77EB1-C7B4-495F-A9D5-B8E4B0EA5237}.Debug|Any CPU.Build.0 = Debug|Any CPU
		{0FE77EB1-C7B4-495F-A9D5-B8E4B0EA5237}.Debug|x64.ActiveCfg = Debug|Any CPU
		{0FE77EB1-C7B4-495F-A9D5-B8E4B0EA5237}.Debug|x64.Build.0 = Debug|Any CPU
		{0FE77EB1-C7B4-495F-A9D5-B8E4B0EA5237}.Debug|x86.ActiveCfg = Debug|Any CPU
		{0FE77EB1-C7B4-495F-A9D5-B8E4B0EA5237}.Debug|x86.Build.0 = Debug|Any CPU
		{0FE77EB1-C7B4-495F-A9D5-B8E4B0EA5237}.Release|Any CPU.ActiveCfg = Release|Any CPU
		{0FE77EB1-C7B4-495F-A9D5-B8E4B0EA5237}.Release|Any CPU.Build.0 = Release|Any CPU
		{0FE77EB1-C7B4-495F-A9D5-B8E4B0EA5237}.Release|x64.ActiveCfg = Release|Any CPU
		{0FE77EB1-C7B4-495F-A9D5-B8E4B0EA5237}.Release|x64.Build.0 = Release|Any CPU
		{0FE77EB1-C7B4-495F-A9D5-B8E4B0EA5237}.Release|x86.ActiveCfg = Release|Any CPU
		{0FE77EB1-C7B4-495F-A9D5-B8E4B0EA5237}.Release|x86.Build.0 = Release|Any CPU
		{FBB91030-DB06-4F8F-8C4C-7DD4E91DB601}.Debug|Any CPU.ActiveCfg = Debug|Any CPU
		{FBB91030-DB06-4F8F-8C4C-7DD4E91DB601}.Debug|Any CPU.Build.0 = Debug|Any CPU
		{FBB91030-DB06-4F8F-8C4C-7DD4E91DB601}.Debug|x64.ActiveCfg = Debug|Any CPU
		{FBB91030-DB06-4F8F-8C4C-7DD4E91DB601}.Debug|x64.Build.0 = Debug|Any CPU
		{FBB91030-DB06-4F8F-8C4C-7DD4E91DB601}.Debug|x86.ActiveCfg = Debug|Any CPU
		{FBB91030-DB06-4F8F-8C4C-7DD4E91DB601}.Debug|x86.Build.0 = Debug|Any CPU
		{FBB91030-DB06-4F8F-8C4C-7DD4E91DB601}.Release|Any CPU.ActiveCfg = Release|Any CPU
		{FBB91030-DB06-4F8F-8C4C-7DD4E91DB601}.Release|Any CPU.Build.0 = Release|Any CPU
		{FBB91030-DB06-4F8F-8C4C-7DD4E91DB601}.Release|x64.ActiveCfg = Release|Any CPU
		{FBB91030-DB06-4F8F-8C4C-7DD4E91DB601}.Release|x64.Build.0 = Release|Any CPU
		{FBB91030-DB06-4F8F-8C4C-7DD4E91DB601}.Release|x86.ActiveCfg = Release|Any CPU
		{FBB91030-DB06-4F8F-8C4C-7DD4E91DB601}.Release|x86.Build.0 = Release|Any CPU
		{4142FADF-15D5-4B18-A95F-4E21C2E17EB8}.Debug|Any CPU.ActiveCfg = Debug|Any CPU
		{4142FADF-15D5-4B18-A95F-4E21C2E17EB8}.Debug|Any CPU.Build.0 = Debug|Any CPU
		{4142FADF-15D5-4B18-A95F-4E21C2E17EB8}.Debug|x64.ActiveCfg = Debug|Any CPU
		{4142FADF-15D5-4B18-A95F-4E21C2E17EB8}.Debug|x64.Build.0 = Debug|Any CPU
		{4142FADF-15D5-4B18-A95F-4E21C2E17EB8}.Debug|x86.ActiveCfg = Debug|Any CPU
		{4142FADF-15D5-4B18-A95F-4E21C2E17EB8}.Debug|x86.Build.0 = Debug|Any CPU
		{4142FADF-15D5-4B18-A95F-4E21C2E17EB8}.Release|Any CPU.ActiveCfg = Release|Any CPU
		{4142FADF-15D5-4B18-A95F-4E21C2E17EB8}.Release|Any CPU.Build.0 = Release|Any CPU
		{4142FADF-15D5-4B18-A95F-4E21C2E17EB8}.Release|x64.ActiveCfg = Release|Any CPU
		{4142FADF-15D5-4B18-A95F-4E21C2E17EB8}.Release|x64.Build.0 = Release|Any CPU
		{4142FADF-15D5-4B18-A95F-4E21C2E17EB8}.Release|x86.ActiveCfg = Release|Any CPU
		{4142FADF-15D5-4B18-A95F-4E21C2E17EB8}.Release|x86.Build.0 = Release|Any CPU
		{0A6FCF61-2782-446D-B41E-669613FBD926}.Debug|Any CPU.ActiveCfg = Debug|Any CPU
		{0A6FCF61-2782-446D-B41E-669613FBD926}.Debug|Any CPU.Build.0 = Debug|Any CPU
		{0A6FCF61-2782-446D-B41E-669613FBD926}.Debug|x64.ActiveCfg = Debug|Any CPU
		{0A6FCF61-2782-446D-B41E-669613FBD926}.Debug|x64.Build.0 = Debug|Any CPU
		{0A6FCF61-2782-446D-B41E-669613FBD926}.Debug|x86.ActiveCfg = Debug|Any CPU
		{0A6FCF61-2782-446D-B41E-669613FBD926}.Debug|x86.Build.0 = Debug|Any CPU
		{0A6FCF61-2782-446D-B41E-669613FBD926}.Release|Any CPU.ActiveCfg = Release|Any CPU
		{0A6FCF61-2782-446D-B41E-669613FBD926}.Release|Any CPU.Build.0 = Release|Any CPU
		{0A6FCF61-2782-446D-B41E-669613FBD926}.Release|x64.ActiveCfg = Release|Any CPU
		{0A6FCF61-2782-446D-B41E-669613FBD926}.Release|x64.Build.0 = Release|Any CPU
		{0A6FCF61-2782-446D-B41E-669613FBD926}.Release|x86.ActiveCfg = Release|Any CPU
		{0A6FCF61-2782-446D-B41E-669613FBD926}.Release|x86.Build.0 = Release|Any CPU
		{414C0C76-4FAE-4F55-9E55-C7F47CB7D1BC}.Debug|Any CPU.ActiveCfg = Debug|Any CPU
		{414C0C76-4FAE-4F55-9E55-C7F47CB7D1BC}.Debug|Any CPU.Build.0 = Debug|Any CPU
		{414C0C76-4FAE-4F55-9E55-C7F47CB7D1BC}.Debug|x64.ActiveCfg = Debug|Any CPU
		{414C0C76-4FAE-4F55-9E55-C7F47CB7D1BC}.Debug|x64.Build.0 = Debug|Any CPU
		{414C0C76-4FAE-4F55-9E55-C7F47CB7D1BC}.Debug|x86.ActiveCfg = Debug|Any CPU
		{414C0C76-4FAE-4F55-9E55-C7F47CB7D1BC}.Debug|x86.Build.0 = Debug|Any CPU
		{414C0C76-4FAE-4F55-9E55-C7F47CB7D1BC}.Release|Any CPU.ActiveCfg = Release|Any CPU
		{414C0C76-4FAE-4F55-9E55-C7F47CB7D1BC}.Release|Any CPU.Build.0 = Release|Any CPU
		{414C0C76-4FAE-4F55-9E55-C7F47CB7D1BC}.Release|x64.ActiveCfg = Release|Any CPU
		{414C0C76-4FAE-4F55-9E55-C7F47CB7D1BC}.Release|x64.Build.0 = Release|Any CPU
		{414C0C76-4FAE-4F55-9E55-C7F47CB7D1BC}.Release|x86.ActiveCfg = Release|Any CPU
		{414C0C76-4FAE-4F55-9E55-C7F47CB7D1BC}.Release|x86.Build.0 = Release|Any CPU
	EndGlobalSection
	GlobalSection(SolutionProperties) = preSolution
		HideSolutionNode = FALSE
	EndGlobalSection
	GlobalSection(NestedProjects) = preSolution
		{AF880B29-F2E4-41DE-87A2-3FF3DEAEB8EE} = {827E0CD3-B72D-47B6-A68D-7590B98EB39B}
		{B2876FC9-7509-45F3-8270-B0AEB779CDB0} = {827E0CD3-B72D-47B6-A68D-7590B98EB39B}
		{0FE77EB1-C7B4-495F-A9D5-B8E4B0EA5237} = {827E0CD3-B72D-47B6-A68D-7590B98EB39B}
		{FBB91030-DB06-4F8F-8C4C-7DD4E91DB601} = {827E0CD3-B72D-47B6-A68D-7590B98EB39B}
		{4142FADF-15D5-4B18-A95F-4E21C2E17EB8} = {827E0CD3-B72D-47B6-A68D-7590B98EB39B}
		{0A6FCF61-2782-446D-B41E-669613FBD926} = {827E0CD3-B72D-47B6-A68D-7590B98EB39B}
		{414C0C76-4FAE-4F55-9E55-C7F47CB7D1BC} = {827E0CD3-B72D-47B6-A68D-7590B98EB39B}
	EndGlobalSection
EndGlobal
